{
  "name": "@zhaowu/zvec-knowledge",
  "version": "0.1.0",
  "lockfileVersion": 3,
  "requires": true,
  "packages": {
    "": {
      "name": "@zhaowu/zvec-knowledge",
      "version": "0.1.0",
      "dependencies": {
        "@zvec/zvec": "0.7.1"
      },
      "engines": {
        "node": ">=24"
      }
    },
    "node_modules/@zvec/bindings-darwin-arm64": {
      "version": "0.7.1",
      "resolved": "https://registry.npmjs.org/@zvec/bindings-darwin-arm64/-/bindings-darwin-arm64-0.7.1.tgz",
      "integrity": "sha512-9wHi3Amc6sT311aIJHMz2cEofldKM7HF2Lj5/GdgCyfm6iKAA0ApxK3sufWN3VpUTI3b9bqxbq1l22eS6nHnrQ==",
      "cpu": [
        "arm64"
      ],
      "license": "Apache-2.0",
      "optional": true,
      "os": [
        "darwin"
      ]
    },
    "node_modules/@zvec/bindings-darwin-x64": {
      "version": "0.7.1",
      "resolved": "https://registry.npmjs.org/@zvec/bindings-darwin-x64/-/bindings-darwin-x64-0.7.1.tgz",
      "integrity": "sha512-T/lz+Me87WoCUiYOW0ghke8sYxlwEeco2pa/FlRP/QYESEwuqnQij17A3oWXxvqp3WdVi4Zt63KrRZw4dduYJw==",
      "cpu": [
        "x64"
      ],
      "license": "Apache-2.0",
      "optional": true,
      "os": [
        "darwin"
      ]
    },
    "node_modules/@zvec/bindings-linux-arm64": {
      "version": "0.7.1",
      "resolved": "https://registry.npmjs.org/@zvec/bindings-linux-arm64/-/bindings-linux-arm64-0.7.1.tgz",
      "integrity": "sha512-1v2vVL6CYfIXyYkYMmN1VD6YfZhNNuGXPH6LUex/xlAlWhENA1cS5N4wCQN0xQzenSN7pqTnZrzxpI8DDdweIg==",
      "cpu": [
        "arm64"
      ],
      "libc": [
        "glibc"
      ],
      "license": "Apache-2.0",
      "optional": true,
      "os": [
        "linux"
      ]
    },
    "node_modules/@zvec/bindings-linux-arm64-musl": {
      "version": "0.7.1",
      "resolved": "https://registry.npmjs.org/@zvec/bindings-linux-arm64-musl/-/bindings-linux-arm64-musl-0.7.1.tgz",
      "integrity": "sha512-gTH80KhojeT7swxdqQFNz3Ew1lUGKxjMlSt6ESPqVRFWcNIU+f3F+7YmMubZrQUyiNWXjnexp7VCkPl/nOa2Hg==",
      "cpu": [
        "arm64"
      ],
      "libc": [
        "musl"
      ],
      "license": "Apache-2.0",
      "optional": true,
      "os": [
        "linux"
      ]
    },
    "node_modules/@zvec/bindings-linux-x64": {
      "version": "0.7.1",
      "resolved": "https://registry.npmjs.org/@zvec/bindings-linux-x64/-/bindings-linux-x64-0.7.1.tgz",
      "integrity": "sha512-qwLMZlaRytAj7g7YXOfMWyais5zWbKrUeeLjby0Gaim4ha3aRQXbv7oUXcRBug35rogPhulrSlFkx+gHLIppyw==",
      "cpu": [
        "x64"
      ],
      "libc": [
        "glibc"
      ],
      "license": "Apache-2.0",
      "optional": true,
      "os": [
        "linux"
      ]
    },
    "node_modules/@zvec/bindings-linux-x64-musl": {
      "version": "0.7.1",
      "resolved": "https://registry.npmjs.org/@zvec/bindings-linux-x64-musl/-/bindings-linux-x64-musl-0.7.1.tgz",
      "integrity": "sha512-XFWhcVr0mFXfN2SYCZg9eNx7eTK9w/n3V4dZMV15lHepRuItRpXyaXV6/8Sf1Zmr7LJBGocnOArwVqWJqS99gg==",
      "cpu": [
        "x64"
      ],
      "libc": [
        "musl"
      ],
      "license": "Apache-2.0",
      "optional": true,
      "os": [
        "linux"
      ]
    },
    "node_modules/@zvec/bindings-win32-arm64": {
      "version": "0.7.1",
      "resolved": "https://registry.npmjs.org/@zvec/bindings-win32-arm64/-/bindings-win32-arm64-0.7.1.tgz",
      "integrity": "sha512-qAF4Oj9py5GVz079TUXi+kaXJW4pIYAg0eoFssUf7ZfX8VsDixTUK/DLnp5bdta2Isj6mBU1tOxlzyqn7aBrKA==",
      "cpu": [
        "arm64"
      ],
      "license": "Apache-2.0",
      "optional": true,
      "os": [
        "win32"
      ]
    },
    "node_modules/@zvec/bindings-win32-x64": {
      "version": "0.7.1",
      "resolved": "https://registry.npmjs.org/@zvec/bindings-win32-x64/-/bindings-win32-x64-0.7.1.tgz",
      "integrity": "sha512-iPJHeacfuaLbduihwr6oQKic5laTL/RQx1LbcnuopshJ3ISxcSLLHhg16I8sEAKhYM9I3uFG8CsCdmJIYLi8sw==",
      "cpu": [
        "x64"
      ],
      "license": "Apache-2.0",
      "optional": true,
      "os": [
        "win32"
      ]
    },
    "node_modules/@zvec/zvec": {
      "version": "0.7.1",
      "resolved": "https://registry.npmjs.org/@zvec/zvec/-/zvec-0.7.1.tgz",
      "integrity": "sha512-uzaSjlLukTiczMP1OhTBmofQXFcidvfTv1tUl3+KAaSPxG5rRiirMzvJooun5q7z3R3ggnrOSM12BnA2L6i1PQ==",
      "hasInstallScript": true,
      "license": "Apache-2.0",
      "dependencies": {
        "detect-libc": "^2.1.2"
      },
      "optionalDependencies": {
        "@zvec/bindings-darwin-arm64": "0.7.1",
        "@zvec/bindings-darwin-x64": "0.7.1",
        "@zvec/bindings-linux-arm64": "0.7.1",
        "@zvec/bindings-linux-arm64-musl": "0.7.1",
        "@zvec/bindings-linux-x64": "0.7.1",
        "@zvec/bindings-linux-x64-musl": "0.7.1",
        "@zvec/bindings-win32-arm64": "0.7.1",
        "@zvec/bindings-win32-x64": "0.7.1"
      }
    },
    "node_modules/detect-libc": {
      "version": "2.1.2",
      "resolved": "https://registry.npmjs.org/detect-libc/-/detect-libc-2.1.2.tgz",
      "integrity": "sha512-Btj2BOOO83o3WyH59e8MgXsxEQVcarkUOpEYrubB0urwnN10yQ364rsiByU11nZlqWYZm05i/of7io4mzihBtQ==",
      "license": "Apache-2.0",
      "engines": {
        "node": ">=8"
      }
    }
  }
}
